
Microsoft Visual Studio Solution File, Format Version 12.00
# Visual Studio Version 17
VisualStudioVersion = 17.14.35906.104
MinimumVisualStudioVersion = 10.0.40219.1
Project("{2150E333-8FDC-42A3-9474-1A3956D46DE8}") = "Solution Items", "Solution Items", "{8EC462FD-D22E-90A8-E5CE-7E832BA40C5D}"
	ProjectSection(SolutionItems) = preProject
		.gitignore = .gitignore
		Directory.Build.props = Directory.Build.props
		Directory.Packages.props = Directory.Packages.props
		README.md = README.md
	EndProjectSection
EndProject
Project("{2150E333-8FDC-42A3-9474-1A3956D46DE8}") = "src", "src", "{02EA681E-C7D8-13C7-8484-4AC65E1B71E8}"
EndProject
Project("{2150E333-8FDC-42A3-9474-1A3956D46DE8}") = "CS", "CS", "{E80CFEC4-7036-4ED9-926A-1C7459AC9220}"
EndProject
Project("{2150E333-8FDC-42A3-9474-1A3956D46DE8}") = "Data", "Data", "{25BA7385-FB72-43CB-B279-C181383DB307}"
EndProject
Project("{2150E333-8FDC-42A3-9474-1A3956D46DE8}") = "PY", "PY", "{112AC4F7-A77A-4EE9-B341-689253BCA82D}"
	ProjectSection(SolutionItems) = preProject
		src\PY\example.env = src\PY\example.env
		src\PY\requirements.txt = src\PY\requirements.txt
	EndProjectSection
EndProject
Project("{FAE04EC0-301F-11D3-BF4B-00C04F79EFBC}") = "AzAIServicesCommon", "src\CS\AzAIServicesCommon\AzAIServicesCommon.csproj", "{47CDAE78-BC36-4D1C-A1D8-3DA83B3D4312}"
EndProject
Project("{FAE04EC0-301F-11D3-BF4B-00C04F79EFBC}") = "NLPAzAIServices", "src\CS\NLPAzAIServices\NLPAzAIServices.csproj", "{20203285-9112-45AE-AEC1-4DB34B68B162}"
EndProject
Project("{2150E333-8FDC-42A3-9474-1A3956D46DE8}") = "NLP", "NLP", "{81B938E3-D683-4CDA-A7F7-2AE70C96C9C5}"
EndProject
Project("{2150E333-8FDC-42A3-9474-1A3956D46DE8}") = "NER", "NER", "{EE1FFFBC-F829-42EF-AEF6-95E817400B10}"
EndProject
Project("{2150E333-8FDC-42A3-9474-1A3956D46DE8}") = "ads", "ads", "{930B2139-DC4F-4E90-AE57-A162219E7603}"
	ProjectSection(SolutionItems) = preProject
		src\Data\NLP\NER\ads\test1.txt = src\Data\NLP\NER\ads\test1.txt
		src\Data\NLP\NER\ads\test2.txt = src\Data\NLP\NER\ads\test2.txt
	EndProjectSection
EndProject
Project("{2150E333-8FDC-42A3-9474-1A3956D46DE8}") = "NLPAzAIServices", "NLPAzAIServices", "{B435BBBE-CF2B-4339-AE8D-CBB32A7975C3}"
EndProject
Project("{2150E333-8FDC-42A3-9474-1A3956D46DE8}") = "NER", "NER", "{7D9A3EA9-BD17-4404-8DBE-917834CE3B57}"
	ProjectSection(SolutionItems) = preProject
		src\PY\NLPAzAIServices\NER\custom-entities.py = src\PY\NLPAzAIServices\NER\custom-entities.py
	EndProjectSection
EndProject
Global
	GlobalSection(SolutionConfigurationPlatforms) = preSolution
		Debug|Any CPU = Debug|Any CPU
		Release|Any CPU = Release|Any CPU
	EndGlobalSection
	GlobalSection(ProjectConfigurationPlatforms) = postSolution
		{47CDAE78-BC36-4D1C-A1D8-3DA83B3D4312}.Debug|Any CPU.ActiveCfg = Debug|Any CPU
		{47CDAE78-BC36-4D1C-A1D8-3DA83B3D4312}.Debug|Any CPU.Build.0 = Debug|Any CPU
		{47CDAE78-BC36-4D1C-A1D8-3DA83B3D4312}.Release|Any CPU.ActiveCfg = Release|Any CPU
		{47CDAE78-BC36-4D1C-A1D8-3DA83B3D4312}.Release|Any CPU.Build.0 = Release|Any CPU
		{20203285-9112-45AE-AEC1-4DB34B68B162}.Debug|Any CPU.ActiveCfg = Debug|Any CPU
		{20203285-9112-45AE-AEC1-4DB34B68B162}.Debug|Any CPU.Build.0 = Debug|Any CPU
		{20203285-9112-45AE-AEC1-4DB34B68B162}.Release|Any CPU.ActiveCfg = Release|Any CPU
		{20203285-9112-45AE-AEC1-4DB34B68B162}.Release|Any CPU.Build.0 = Release|Any CPU
	EndGlobalSection
	GlobalSection(SolutionProperties) = preSolution
		HideSolutionNode = FALSE
	EndGlobalSection
	GlobalSection(NestedProjects) = preSolution
		{E80CFEC4-7036-4ED9-926A-1C7459AC9220} = {02EA681E-C7D8-13C7-8484-4AC65E1B71E8}
		{25BA7385-FB72-43CB-B279-C181383DB307} = {02EA681E-C7D8-13C7-8484-4AC65E1B71E8}
		{112AC4F7-A77A-4EE9-B341-689253BCA82D} = {02EA681E-C7D8-13C7-8484-4AC65E1B71E8}
		{47CDAE78-BC36-4D1C-A1D8-3DA83B3D4312} = {E80CFEC4-7036-4ED9-926A-1C7459AC9220}
		{20203285-9112-45AE-AEC1-4DB34B68B162} = {E80CFEC4-7036-4ED9-926A-1C7459AC9220}
		{81B938E3-D683-4CDA-A7F7-2AE70C96C9C5} = {25BA7385-FB72-43CB-B279-C181383DB307}
		{EE1FFFBC-F829-42EF-AEF6-95E817400B10} = {81B938E3-D683-4CDA-A7F7-2AE70C96C9C5}
		{930B2139-DC4F-4E90-AE57-A162219E7603} = {EE1FFFBC-F829-42EF-AEF6-95E817400B10}
		{B435BBBE-CF2B-4339-AE8D-CBB32A7975C3} = {112AC4F7-A77A-4EE9-B341-689253BCA82D}
		{7D9A3EA9-BD17-4404-8DBE-917834CE3B57} = {B435BBBE-CF2B-4339-AE8D-CBB32A7975C3}
	EndGlobalSection
	GlobalSection(ExtensibilityGlobals) = postSolution
		SolutionGuid = {D8B7A83D-681E-47B8-8E99-D8A28C2FEC0D}
	EndGlobalSection
EndGlobal
